github.com/chiyoi/go v0.0.1 h1:KLwZW1A+sS1zMklENmrlxR6ck0ymNIWxyP2cyYn7y7U=
github.com/chiyoi/go v0.0.1/go.mod h1:B4VzcYCiNfOtpd7yGDY1rzE07nH5CeDOlRyPaCd7OSA=
github.com/chiyoi/go v0.0.2 h1:887ZgvhrMAOAl2qC0oPTEAmzDzEYvzHDEr2n+R3muHM=
github.com/chiyoi/go v0.0.2/go.mod h1:B4VzcYCiNfOtpd7yGDY1rzE07nH5CeDOlRyPaCd7OSA=
github.com/chiyoi/go v0.1.0 h1:/Zx6+T96l+44/srXdFnIufXj/O4Rc1OGfU+6/wBYP98=
github.com/chiyoi/go v0.1.0/go.mod h1:B4VzcYCiNfOtpd7yGDY1rzE07nH5CeDOlRyPaCd7OSA=
github.com/chiyoi/go v0.1.3 h1:J78D0SDz8MpkIi/lOGjSL+C11zO69c1rCmPvpHbXYts=
github.com/chiyoi/go v0.1.3/go.mod h1:B4VzcYCiNfOtpd7yGDY1rzE07nH5CeDOlRyPaCd7OSA=
github.com/chiyoi/go v0.1.4 h1:3lOb1znc4i/R8HEUXFN0sVXLQp3o390bWKW3oqn+eAM=
github.com/chiyoi/go v0.1.4/go.mod h1:B4VzcYCiNfOtpd7yGDY1rzE07nH5CeDOlRyPaCd7OSA=
github.com/chiyoi/go v0.1.5 h1:vBCFbou2WK55AJt/HbyXEuS5UCwsfEynUzZzKrxrItA=
github.com/chiyoi/go v0.1.5/go.mod h1:B4VzcYCiNfOtpd7yGDY1rzE07nH5CeDOlRyPaCd7OSA=
github.com/chiyoi/go v0.1.6 h1:GjnORaqbxsJ7lIAvnQl45julIM47zQB9RK86CAZ0XmY=
github.com/chiyoi/go v0.1.6/go.mod h1:B4VzcYCiNfOtpd7yGDY1rzE07nH5CeDOlRyPaCd7OSA=
github.com/chiyoi/go v0.1.7 h1:cdkUMrkiGuEknFpZuDdVbdpsBcHLRz01aY+kzGdCPKU=
github.com/chiyoi/go v0.1.7/go.mod h1:B4VzcYCiNfOtpd7yGDY1rzE07nH5CeDOlRyPaCd7OSA=
github.com/chiyoi/go v0.1.9 h1:FAI7sERlNqiaUoF+SFc5G1LM1XOqtDYv1IX/+CyxpRA=
github.com/chiyoi/go v0.1.9/go.mod h1:B4VzcYCiNfOtpd7yGDY1rzE07nH5CeDOlRyPaCd7OSA=
github.com/chiyoi/go v0.2.0 h1:Qhcahj0V3y3iIBS0nw3MeVDqdnAzovMxlLvMuUSog5E=
github.com/chiyoi/go v0.2.0/go.mod h1:B4VzcYCiNfOtpd7yGDY1rzE07nH5CeDOlRyPaCd7OSA=
github.com/chiyoi/go v0.4.0 h1:tEYhHuDdG03Fnik9gkOc444IkB8loVSIjPTYFmGy9po=
github.com/chiyoi/go v0.4.0/go.mod h1:B4VzcYCiNfOtpd7yGDY1rzE07nH5CeDOlRyPaCd7OSA=
github.com/chiyoi/go v0.4.1 h1:w8THPklRh0qtZBQOpN/G5rIPrX4IGN+8qXqJFjzzyF0=
github.com/chiyoi/go v0.4.1/go.mod h1:B4VzcYCiNfOtpd7yGDY1rzE07nH5CeDOlRyPaCd7OSA=
github.com/chiyoi/go v0.5.1-test h1:I46xFb6KuoB0b4h0k/XS/Ey9GzJxOegB5yDAhJLWy9k=
github.com/chiyoi/go v0.5.1-test/go.mod h1:B4VzcYCiNfOtpd7yGDY1rzE07nH5CeDOlRyPaCd7OSA=
github.com/chiyoi/go v0.6.1 h1:A1nDz2QfrPKZR2WokSp740iNYNt2FErYCKdQGWoxnVk=
github.com/chiyoi/go v0.6.1/go.mod h1:B4VzcYCiNfOtpd7yGDY1rzE07nH5CeDOlRyPaCd7OSA=
github.com/chiyoi/go v0.6.2 h1:wezGT11JS9ZDdUqNagBuhu4se+XfgtxqnmrC4+Xa/JE=
github.com/chiyoi/go v0.6.2/go.mod h1:B4VzcYCiNfOtpd7yGDY1rzE07nH5CeDOlRyPaCd7OSA=
github.com/google/uuid v1.3.0 h1:t6JiXgmwXMjEs8VusXIJk2BXHsn+wx8BZdTaoZ5fu7I=
github.com/google/uuid v1.3.0/go.mod h1:TIyPZe4MgqvfeYDBFedMoGGpEw/LqOeaOT+nhxU+yHo=
